// !$*UTF8*$!
{
	archiveVersion = 1;
	classes = {
	};
	objectVersion = 46;
	objects = {

/* Begin PBXBuildFile section */
		FE8533901EAC7C92004BB756 /* NativePopup.h in Headers */ = {isa = PBXBuildFile; fileRef = FE85338E1EAC7C92004BB756 /* NativePopup.h */; settings = {ATTRIBUTES = (Public, ); }; };
		FEB0316D1ECFF6770039A1C6 /* Preset.swift in Sources */ = {isa = PBXBuildFile; fileRef = FEB0316C1ECFF6770039A1C6 /* Preset.swift */; };
		FEB031711ECFF6A30039A1C6 /* Bundle.extension.swift in Sources */ = {isa = PBXBuildFile; fileRef = FEB031701ECFF6A30039A1C6 /* Bundle.extension.swift */; };
		FECA87BA1EAC7CCF00D07CB1 /* AppDelegate.swift in Sources */ = {isa = PBXBuildFile; fileRef = FECA87B91EAC7CCF00D07CB1 /* AppDelegate.swift */; };
		FECA87BC1EAC7CCF00D07CB1 /* ViewController.swift in Sources */ = {isa = PBXBuildFile; fileRef = FECA87BB1EAC7CCF00D07CB1 /* ViewController.swift */; };
		FECA87BF1EAC7CCF00D07CB1 /* Main.storyboard in Resources */ = {isa = PBXBuildFile; fileRef = FECA87BD1EAC7CCF00D07CB1 /* Main.storyboard */; };
		FECA87C11EAC7CCF00D07CB1 /* Assets.xcassets in Resources */ = {isa = PBXBuildFile; fileRef = FECA87C01EAC7CCF00D07CB1 /* Assets.xcassets */; };
		FECA87C41EAC7CCF00D07CB1 /* LaunchScreen.storyboard in Resources */ = {isa = PBXBuildFile; fileRef = FECA87C21EAC7CCF00D07CB1 /* LaunchScreen.storyboard */; };
		FECA87D81EAC7D9E00D07CB1 /* NativePopup.swift in Sources */ = {isa = PBXBuildFile; fileRef = FECA87D71EAC7D9E00D07CB1 /* NativePopup.swift */; };
		FECA87D91EAC87B700D07CB1 /* NativePopup.framework in Frameworks */ = {isa = PBXBuildFile; fileRef = FE85338B1EAC7C92004BB756 /* NativePopup.framework */; };
		FECA87DA1EAC87B700D07CB1 /* NativePopup.framework in Embed Frameworks */ = {isa = PBXBuildFile; fileRef = FE85338B1EAC7C92004BB756 /* NativePopup.framework */; settings = {ATTRIBUTES = (CodeSignOnCopy, RemoveHeadersOnCopy, ); }; };
		FECA87DF1EAC94B300D07CB1 /* Assets.xcassets in Resources */ = {isa = PBXBuildFile; fileRef = FECA87DE1EAC94B300D07CB1 /* Assets.xcassets */; };
		FECA87E31EACC7F000D07CB1 /* UIImageConvertible.swift in Sources */ = {isa = PBXBuildFile; fileRef = FECA87E21EACC7F000D07CB1 /* UIImageConvertible.swift */; };
		FECA87F01EADB80700D07CB1 /* UIView.extension.swift in Sources */ = {isa = PBXBuildFile; fileRef = FECA87EF1EADB80700D07CB1 /* UIView.extension.swift */; };
		FECA87F21EADBA3C00D07CB1 /* Extension.swift in Sources */ = {isa = PBXBuildFile; fileRef = FECA87F11EADBA3C00D07CB1 /* Extension.swift */; };
		FECA87F51EADBD7F00D07CB1 /* UIImage.extension.swift in Sources */ = {isa = PBXBuildFile; fileRef = FECA87F41EADBD7F00D07CB1 /* UIImage.extension.swift */; };
/* End PBXBuildFile section */

/* Begin PBXContainerItemProxy section */
		FECA87DB1EAC87B700D07CB1 /* PBXContainerItemProxy */ = {
			isa = PBXContainerItemProxy;
			containerPortal = FE8533821EAC7C92004BB756 /* Project object */;
			proxyType = 1;
			remoteGlobalIDString = FE85338A1EAC7C92004BB756;
			remoteInfo = NativePopup;
		};
/* End PBXContainerItemProxy section */

/* Begin PBXCopyFilesBuildPhase section */
		FECA87DD1EAC87B700D07CB1 /* Embed Frameworks */ = {
			isa = PBXCopyFilesBuildPhase;
			buildActionMask = 2147483647;
			dstPath = "";
			dstSubfolderSpec = 10;
			files = (
				FECA87DA1EAC87B700D07CB1 /* NativePopup.framework in Embed Frameworks */,
			);
			name = "Embed Frameworks";
			runOnlyForDeploymentPostprocessing = 0;
		};
/* End PBXCopyFilesBuildPhase section */

/* Begin PBXFileReference section */
		FE85338B1EAC7C92004BB756 /* NativePopup.framework */ = {isa = PBXFileReference; explicitFileType = wrapper.framework; includeInIndex = 0; path = NativePopup.framework; sourceTree = BUILT_PRODUCTS_DIR; };
		FE85338E1EAC7C92004BB756 /* NativePopup.h */ = {isa = PBXFileReference; lastKnownFileType = sourcecode.c.h; path = NativePopup.h; sourceTree = "<group>"; };
		FE85338F1EAC7C92004BB756 /* Info.plist */ = {isa = PBXFileReference; lastKnownFileType = text.plist.xml; path = Info.plist; sourceTree = "<group>"; };
		FEB0316C1ECFF6770039A1C6 /* Preset.swift */ = {isa = PBXFileReference; fileEncoding = 4; lastKnownFileType = sourcecode.swift; path = Preset.swift; sourceTree = "<group>"; };
		FEB031701ECFF6A30039A1C6 /* Bundle.extension.swift */ = {isa = PBXFileReference; fileEncoding = 4; lastKnownFileType = sourcecode.swift; path = Bundle.extension.swift; sourceTree = "<group>"; };
		FECA87B71EAC7CCF00D07CB1 /* Example.app */ = {isa = PBXFileReference; explicitFileType = wrapper.application; includeInIndex = 0; path = Example.app; sourceTree = BUILT_PRODUCTS_DIR; };
		FECA87B91EAC7CCF00D07CB1 /* AppDelegate.swift */ = {isa = PBXFileReference; lastKnownFileType = sourcecode.swift; path = AppDelegate.swift; sourceTree = "<group>"; };
		FECA87BB1EAC7CCF00D07CB1 /* ViewController.swift */ = {isa = PBXFileReference; lastKnownFileType = sourcecode.swift; path = ViewController.swift; sourceTree = "<group>"; };
		FECA87BE1EAC7CCF00D07CB1 /* Base */ = {isa = PBXFileReference; lastKnownFileType = file.storyboard; name = Base; path = Base.lproj/Main.storyboard; sourceTree = "<group>"; };
		FECA87C01EAC7CCF00D07CB1 /* Assets.xcassets */ = {isa = PBXFileReference; lastKnownFileType = folder.assetcatalog; path = Assets.xcassets; sourceTree = "<group>"; };
		FECA87C31EAC7CCF00D07CB1 /* Base */ = {isa = PBXFileReference; lastKnownFileType = file.storyboard; name = Base; path = Base.lproj/LaunchScreen.storyboard; sourceTree = "<group>"; };
		FECA87C51EAC7CCF00D07CB1 /* Info.plist */ = {isa = PBXFileReference; lastKnownFileType = text.plist.xml; path = Info.plist; sourceTree = "<group>"; };
		FECA87D71EAC7D9E00D07CB1 /* NativePopup.swift */ = {isa = PBXFileReference; fileEncoding = 4; lastKnownFileType = sourcecode.swift; path = NativePopup.swift; sourceTree = "<group>"; };
		FECA87DE1EAC94B300D07CB1 /* Assets.xcassets */ = {isa = PBXFileReference; lastKnownFileType = folder.assetcatalog; path = Assets.xcassets; sourceTree = "<group>"; };
		FECA87E21EACC7F000D07CB1 /* UIImageConvertible.swift */ = {isa = PBXFileReference; fileEncoding = 4; lastKnownFileType = sourcecode.swift; path = UIImageConvertible.swift; sourceTree = "<group>"; };
		FECA87EF1EADB80700D07CB1 /* UIView.extension.swift */ = {isa = PBXFileReference; fileEncoding = 4; lastKnownFileType = sourcecode.swift; path = UIView.extension.swift; sourceTree = "<group>"; };
		FECA87F11EADBA3C00D07CB1 /* Extension.swift */ = {isa = PBXFileReference; fileEncoding = 4; lastKnownFileType = sourcecode.swift; path = Extension.swift; sourceTree = "<group>"; };
		FECA87F41EADBD7F00D07CB1 /* UIImage.extension.swift */ = {isa = PBXFileReference; fileEncoding = 4; lastKnownFileType = sourcecode.swift; path = UIImage.extension.swift; sourceTree = "<group>"; };
/* End PBXFileReference section */

/* Begin PBXFrameworksBuildPhase section */
		FE8533871EAC7C92004BB756 /* Frameworks */ = {
			isa = PBXFrameworksBuildPhase;
			buildActionMask = 2147483647;
			files = (
			);
			runOnlyForDeploymentPostprocessing = 0;
		};
		FECA87B41EAC7CCF00D07CB1 /* Frameworks */ = {
			isa = PBXFrameworksBuildPhase;
			buildActionMask = 2147483647;
			files = (
				FECA87D91EAC87B700D07CB1 /* NativePopup.framework in Frameworks */,
			);
			runOnlyForDeploymentPostprocessing = 0;
		};
/* End PBXFrameworksBuildPhase section */

/* Begin PBXGroup section */
		FE8533811EAC7C92004BB756 = {
			isa = PBXGroup;
			children = (
				FECA87B81EAC7CCF00D07CB1 /* Example */,
				FE85338D1EAC7C92004BB756 /* NativePopup */,
				FE85338C1EAC7C92004BB756 /* Products */,
			);
			sourceTree = "<group>";
		};
		FE85338C1EAC7C92004BB756 /* Products */ = {
			isa = PBXGroup;
			children = (
				FE85338B1EAC7C92004BB756 /* NativePopup.framework */,
				FECA87B71EAC7CCF00D07CB1 /* Example.app */,
			);
			name = Products;
			sourceTree = "<group>";
		};
		FE85338D1EAC7C92004BB756 /* NativePopup */ = {
			isa = PBXGroup;
			children = (
				FEB0316C1ECFF6770039A1C6 /* Preset.swift */,
				FECA87F31EADBC2500D07CB1 /* Extensions */,
				FECA87DE1EAC94B300D07CB1 /* Assets.xcassets */,
				FE85338F1EAC7C92004BB756 /* Info.plist */,
				FE85338E1EAC7C92004BB756 /* NativePopup.h */,
				FECA87D71EAC7D9E00D07CB1 /* NativePopup.swift */,
				FECA87E21EACC7F000D07CB1 /* UIImageConvertible.swift */,
			);
			path = NativePopup;
			sourceTree = "<group>";
		};
		FECA87B81EAC7CCF00D07CB1 /* Example */ = {
			isa = PBXGroup;
			children = (
				FECA87B91EAC7CCF00D07CB1 /* AppDelegate.swift */,
				FECA87C01EAC7CCF00D07CB1 /* Assets.xcassets */,
				FECA87C51EAC7CCF00D07CB1 /* Info.plist */,
				FECA87C21EAC7CCF00D07CB1 /* LaunchScreen.storyboard */,
				FECA87BD1EAC7CCF00D07CB1 /* Main.storyboard */,
				FECA87BB1EAC7CCF00D07CB1 /* ViewController.swift */,
			);
			path = Example;
			sourceTree = "<group>";
		};
		FECA87F31EADBC2500D07CB1 /* Extensions */ = {
			isa = PBXGroup;
			children = (
				FECA87F11EADBA3C00D07CB1 /* Extension.swift */,
				FEB031701ECFF6A30039A1C6 /* Bundle.extension.swift */,
				FECA87F41EADBD7F00D07CB1 /* UIImage.extension.swift */,
				FECA87EF1EADB80700D07CB1 /* UIView.extension.swift */,
			);
			path = Extensions;
			sourceTree = "<group>";
		};
/* End PBXGroup section */

/* Begin PBXHeadersBuildPhase section */
		FE8533881EAC7C92004BB756 /* Headers */ = {
			isa = PBXHeadersBuildPhase;
			buildActionMask = 2147483647;
			files = (
				FE8533901EAC7C92004BB756 /* NativePopup.h in Headers */,
			);
			runOnlyForDeploymentPostprocessing = 0;
		};
/* End PBXHeadersBuildPhase section */

/* Begin PBXNativeTarget section */
		FE85338A1EAC7C92004BB756 /* NativePopup */ = {
			isa = PBXNativeTarget;
			buildConfigurationList = FE8533931EAC7C92004BB756 /* Build configuration list for PBXNativeTarget "NativePopup" */;
			buildPhases = (
				FE8533861EAC7C92004BB756 /* Sources */,
				FE8533871EAC7C92004BB756 /* Frameworks */,
				FE8533881EAC7C92004BB756 /* Headers */,
				FE8533891EAC7C92004BB756 /* Resources */,
			);
			buildRules = (
			);
			dependencies = (
			);
			name = NativePopup;
			productName = NativePopup;
			productReference = FE85338B1EAC7C92004BB756 /* NativePopup.framework */;
			productType = "com.apple.product-type.framework";
		};
		FECA87B61EAC7CCF00D07CB1 /* Example */ = {
			isa = PBXNativeTarget;
			buildConfigurationList = FECA87D11EAC7CCF00D07CB1 /* Build configuration list for PBXNativeTarget "Example" */;
			buildPhases = (
				FECA87B31EAC7CCF00D07CB1 /* Sources */,
				FECA87B41EAC7CCF00D07CB1 /* Frameworks */,
				FECA87B51EAC7CCF00D07CB1 /* Resources */,
				FECA87DD1EAC87B700D07CB1 /* Embed Frameworks */,
			);
			buildRules = (
			);
			dependencies = (
				FECA87DC1EAC87B700D07CB1 /* PBXTargetDependency */,
			);
			name = Example;
			productName = Example;
			productReference = FECA87B71EAC7CCF00D07CB1 /* Example.app */;
			productType = "com.apple.product-type.application";
		};
/* End PBXNativeTarget section */

/* Begin PBXProject section */
		FE8533821EAC7C92004BB756 /* Project object */ = {
			isa = PBXProject;
			attributes = {
				LastSwiftUpdateCheck = 0830;
				LastUpgradeCheck = 0830;
				ORGANIZATIONNAME = mono;
				TargetAttributes = {
					FE85338A1EAC7C92004BB756 = {
						CreatedOnToolsVersion = 8.3.2;
						LastSwiftMigration = 0830;
						ProvisioningStyle = Automatic;
					};
					FECA87B61EAC7CCF00D07CB1 = {
						CreatedOnToolsVersion = 8.3.2;
						ProvisioningStyle = Automatic;
					};
				};
			};
			buildConfigurationList = FE8533851EAC7C92004BB756 /* Build configuration list for PBXProject "NativePopup" */;
			compatibilityVersion = "Xcode 3.2";
			developmentRegion = English;
			hasScannedForEncodings = 0;
			knownRegions = (
				en,
				Base,
			);
			mainGroup = FE8533811EAC7C92004BB756;
			productRefGroup = FE85338C1EAC7C92004BB756 /* Products */;
			projectDirPath = "";
			projectRoot = "";
			targets = (
				FE85338A1EAC7C92004BB756 /* NativePopup */,
				FECA87B61EAC7CCF00D07CB1 /* Example */,
			);
		};
/* End PBXProject section */

/* Begin PBXResourcesBuildPhase section */
		FE8533891EAC7C92004BB756 /* Resources */ = {
			isa = PBXResourcesBuildPhase;
			buildActionMask = 2147483647;
			files = (
				FECA87DF1EAC94B300D07CB1 /* Assets.xcassets in Resources */,
			);
			runOnlyForDeploymentPostprocessing = 0;
		};
		FECA87B51EAC7CCF00D07CB1 /* Resources */ = {
			isa = PBXResourcesBuildPhase;
			buildActionMask = 2147483647;
			files = (
				FECA87C41EAC7CCF00D07CB1 /* LaunchScreen.storyboard in Resources */,
				FECA87C11EAC7CCF00D07CB1 /* Assets.xcassets in Resources */,
				FECA87BF1EAC7CCF00D07CB1 /* Main.storyboard in Resources */,
			);
			runOnlyForDeploymentPostprocessing = 0;
		};
/* End PBXResourcesBuildPhase section */

/* Begin PBXSourcesBuildPhase section */
		FE8533861EAC7C92004BB756 /* Sources */ = {
			isa = PBXSourcesBuildPhase;
			buildActionMask = 2147483647;
			files = (
				FECA87F01EADB80700D07CB1 /* UIView.extension.swift in Sources */,
				FECA87F51EADBD7F00D07CB1 /* UIImage.extension.swift in Sources */,
				FEB031711ECFF6A30039A1C6 /* Bundle.extension.swift in Sources */,
				FECA87E31EACC7F000D07CB1 /* UIImageConvertible.swift in Sources */,
				FECA87F21EADBA3C00D07CB1 /* Extension.swift in Sources */,
				FECA87D81EAC7D9E00D07CB1 /* NativePopup.swift in Sources */,
				FEB0316D1ECFF6770039A1C6 /* Preset.swift in Sources */,
			);
			runOnlyForDeploymentPostprocessing = 0;
		};
		FECA87B31EAC7CCF00D07CB1 /* Sources */ = {
			isa = PBXSourcesBuildPhase;
			buildActionMask = 2147483647;
			files = (
				FECA87BC1EAC7CCF00D07CB1 /* ViewController.swift in Sources */,
				FECA87BA1EAC7CCF00D07CB1 /* AppDelegate.swift in Sources */,
			);
			runOnlyForDeploymentPostprocessing = 0;
		};
/* End PBXSourcesBuildPhase section */

/* Begin PBXTargetDependency section */
		FECA87DC1EAC87B700D07CB1 /* PBXTargetDependency */ = {
			isa = PBXTargetDependency;
			target = FE85338A1EAC7C92004BB756 /* NativePopup */;
			targetProxy = FECA87DB1EAC87B700D07CB1 /* PBXContainerItemProxy */;
		};
/* End PBXTargetDependency section */

/* Begin PBXVariantGroup section */
		FECA87BD1EAC7CCF00D07CB1 /* Main.storyboard */ = {
			isa = PBXVariantGroup;
			children = (
				FECA87BE1EAC7CCF00D07CB1 /* Base */,
			);
			name = Main.storyboard;
			path = .;
			sourceTree = "<group>";
		};
		FECA87C21EAC7CCF00D07CB1 /* LaunchScreen.storyboard */ = {
			isa = PBXVariantGroup;
			children = (
				FECA87C31EAC7CCF00D07CB1 /* Base */,
			);
			name = LaunchScreen.storyboard;
			path = .;
			sourceTree = "<group>";
		};
/* End PBXVariantGroup section */

/* Begin XCBuildConfiguration section */
		FE8533911EAC7C92004BB756 /* Debug */ = {
			isa = XCBuildConfiguration;
			buildSettings = {
				ALWAYS_SEARCH_USER_PATHS = NO;
				CLANG_ANALYZER_NONNULL = YES;
				CLANG_ANALYZER_NUMBER_OBJECT_CONVERSION = YES_AGGRESSIVE;
				CLANG_CXX_LANGUAGE_STANDARD = "gnu++0x";
				CLANG_CXX_LIBRARY = "libc++";
				CLANG_ENABLE_MODULES = YES;
				CLANG_ENABLE_OBJC_ARC = YES;
				CLANG_WARN_BOOL_CONVERSION = YES;
				CLANG_WARN_CONSTANT_CONVERSION = YES;
				CLANG_WARN_DIRECT_OBJC_ISA_USAGE = YES_ERROR;
				CLANG_WARN_DOCUMENTATION_COMMENTS = YES;
				CLANG_WARN_EMPTY_BODY = YES;
				CLANG_WARN_ENUM_CONVERSION = YES;
				CLANG_WARN_INFINITE_RECURSION = YES;
				CLANG_WARN_INT_CONVERSION = YES;
				CLANG_WARN_OBJC_ROOT_CLASS = YES_ERROR;
				CLANG_WARN_SUSPICIOUS_MOVE = YES;
				CLANG_WARN_UNREACHABLE_CODE = YES;
				CLANG_WARN__DUPLICATE_METHOD_MATCH = YES;
				"CODE_SIGN_IDENTITY[sdk=iphoneos*]" = "iPhone Developer";
				COPY_PHASE_STRIP = NO;
				CURRENT_PROJECT_VERSION = 1;
				DEBUG_INFORMATION_FORMAT = dwarf;
				ENABLE_STRICT_OBJC_MSGSEND = YES;
				ENABLE_TESTABILITY = YES;
				GCC_C_LANGUAGE_STANDARD = gnu99;
				GCC_DYNAMIC_NO_PIC = NO;
				GCC_NO_COMMON_BLOCKS = YES;
				GCC_OPTIMIZATION_LEVEL = 0;
				GCC_PREPROCESSOR_DEFINITIONS = (
					"DEBUG=1",
					"$(inherited)",
				);
				GCC_WARN_64_TO_32_BIT_CONVERSION = YES;
				GCC_WARN_ABOUT_RETURN_TYPE = YES_ERROR;
				GCC_WARN_UNDECLARED_SELECTOR = YES;
				GCC_WARN_UNINITIALIZED_AUTOS = YES_AGGRESSIVE;
				GCC_WARN_UNUSED_FUNCTION = YES;
				GCC_WARN_UNUSED_VARIABLE = YES;
				IPHONEOS_DEPLOYMENT_TARGET = 9.0;
				MTL_ENABLE_DEBUG_INFO = YES;
				ONLY_ACTIVE_ARCH = YES;
				SDKROOT = iphoneos;
				SWIFT_ACTIVE_COMPILATION_CONDITIONS = DEBUG;
				SWIFT_OPTIMIZATION_LEVEL = "-Onone";
				TARGETED_DEVICE_FAMILY = "1,2";
				VERSIONING_SYSTEM = "apple-generic";
				VERSION_INFO_PREFIX = "";
			};
			name = Debug;
		};
		FE8533921EAC7C92004BB756 /* Release */ = {
			isa = XCBuildConfiguration;
			buildSettings = {
				ALWAYS_SEARCH_USER_PATHS = NO;
				CLANG_ANALYZER_NONNULL = YES;
				CLANG_ANALYZER_NUMBER_OBJECT_CONVERSION = YES_AGGRESSIVE;
				CLANG_CXX_LANGUAGE_STANDARD = "gnu++0x";
				CLANG_CXX_LIBRARY = "libc++";
				CLANG_ENABLE_MODULES = YES;
				CLANG_ENABLE_OBJC_ARC = YES;
				CLANG_WARN_BOOL_CONVERSION = YES;
				CLANG_WARN_CONSTANT_CONVERSION = YES;
				CLANG_WARN_DIRECT_OBJC_ISA_USAGE = YES_ERROR;
				CLANG_WARN_DOCUMENTATION_COMMENTS = YES;
				CLANG_WARN_EMPTY_BODY = YES;
				CLANG_WARN_ENUM_CONVERSION = YES;
				CLANG_WARN_INFINITE_RECURSION = YES;
				CLANG_WARN_INT_CONVERSION = YES;
				CLANG_WARN_OBJC_ROOT_CLASS = YES_ERROR;
				CLANG_WARN_SUSPICIOUS_MOVE = YES;
				CLANG_WARN_UNREACHABLE_CODE = YES;
				CLANG_WARN__DUPLICATE_METHOD_MATCH = YES;
				"CODE_SIGN_IDENTITY[sdk=iphoneos*]" = "iPhone Developer";
				COPY_PHASE_STRIP = NO;
				CURRENT_PROJECT_VERSION = 1;
				DEBUG_INFORMATION_FORMAT = "dwarf-with-dsym";
				ENABLE_NS_ASSERTIONS = NO;
				ENABLE_STRICT_OBJC_MSGSEND = YES;
				GCC_C_LANGUAGE_STANDARD = gnu99;
				GCC_NO_COMMON_BLOCKS = YES;
				GCC_WARN_64_TO_32_BIT_CONVERSION = YES;
				GCC_WARN_ABOUT_RETURN_TYPE = YES_ERROR;
				GCC_WARN_UNDECLARED_SELECTOR = YES;
				GCC_WARN_UNINITIALIZED_AUTOS = YES_AGGRESSIVE;
				GCC_WARN_UNUSED_FUNCTION = YES;
				GCC_WARN_UNUSED_VARIABLE = YES;
				IPHONEOS_DEPLOYMENT_TARGET = 9.0;
				MTL_ENABLE_DEBUG_INFO = NO;
				SDKROOT = iphoneos;
				SWIFT_OPTIMIZATION_LEVEL = "-Owholemodule";
				TARGETED_DEVICE_FAMILY = "1,2";
				VALIDATE_PRODUCT = YES;
				VERSIONING_SYSTEM = "apple-generic";
				VERSION_INFO_PREFIX = "";
			};
			name = Release;
		};
		FE8533941EAC7C92004BB756 /* Debug */ = {
			isa = XCBuildConfiguration;
			buildSettings = {
				CLANG_ENABLE_MODULES = YES;
				CODE_SIGN_IDENTITY = "";
				DEFINES_MODULE = YES;
				DYLIB_COMPATIBILITY_VERSION = 1;
				DYLIB_CURRENT_VERSION = 1;
				DYLIB_INSTALL_NAME_BASE = "@rpath";
				INFOPLIST_FILE = NativePopup/Info.plist;
				INSTALL_PATH = "$(LOCAL_LIBRARY_DIR)/Frameworks";
				LD_RUNPATH_SEARCH_PATHS = "$(inherited) @executable_path/Frameworks @loader_path/Frameworks";
				PRODUCT_BUNDLE_IDENTIFIER = com.mono0926.NativePopup;
				PRODUCT_NAME = "$(TARGET_NAME)";
				SKIP_INSTALL = YES;
				SWIFT_OPTIMIZATION_LEVEL = "-Onone";
				SWIFT_VERSION = 3.0;
			};
			name = Debug;
		};
		FE8533951EAC7C92004BB756 /* Release */ = {
			isa = XCBuildConfiguration;
			buildSettings = {
				CLANG_ENABLE_MODULES = YES;
				CODE_SIGN_IDENTITY = "";
				DEFINES_MODULE = YES;
				DYLIB_COMPATIBILITY_VERSION = 1;
				DYLIB_CURRENT_VERSION = 1;
				DYLIB_INSTALL_NAME_BASE = "@rpath";
				INFOPLIST_FILE = NativePopup/Info.plist;
				INSTALL_PATH = "$(LOCAL_LIBRARY_DIR)/Frameworks";
				LD_RUNPATH_SEARCH_PATHS = "$(inherited) @executable_path/Frameworks @loader_path/Frameworks";
				PRODUCT_BUNDLE_IDENTIFIER = com.mono0926.NativePopup;
				PRODUCT_NAME = "$(TARGET_NAME)";
				SKIP_INSTALL = YES;
				SWIFT_VERSION = 3.0;
			};
			name = Release;
		};
		FECA87D21EAC7CCF00D07CB1 /* Debug */ = {
			isa = XCBuildConfiguration;
			buildSettings = {
				ALWAYS_EMBED_SWIFT_STANDARD_LIBRARIES = YES;
				ASSETCATALOG_COMPILER_APPICON_NAME = AppIcon;
				INFOPLIST_FILE = Example/Info.plist;
				IPHONEOS_DEPLOYMENT_TARGET = 9.0;
				LD_RUNPATH_SEARCH_PATHS = "$(inherited) @executable_path/Frameworks";
				PRODUCT_BUNDLE_IDENTIFIER = com.mono0926.Example;
				PRODUCT_NAME = "$(TARGET_NAME)";
				SWIFT_VERSION = 3.0;
			};
			name = Debug;
		};
		FECA87D31EAC7CCF00D07CB1 /* Release */ = {
			isa = XCBuildConfiguration;
			buildSettings = {
				ALWAYS_EMBED_SWIFT_STANDARD_LIBRARIES = YES;
				ASSETCATALOG_COMPILER_APPICON_NAME = AppIcon;
				INFOPLIST_FILE = Example/Info.plist;
				IPHONEOS_DEPLOYMENT_TARGET = 9.0;
				LD_RUNPATH_SEARCH_PATHS = "$(inherited) @executable_path/Frameworks";
				PRODUCT_BUNDLE_IDENTIFIER = com.mono0926.Example;
				PRODUCT_NAME = "$(TARGET_NAME)";
				SWIFT_VERSION = 3.0;
			};
			name = Release;
		};
/* End XCBuildConfiguration section */

/* Begin XCConfigurationList section */
		FE8533851EAC7C92004BB756 /* Build configuration list for PBXProject "NativePopup" */ = {
			isa = XCConfigurationList;
			buildConfigurations = (
				FE8533911EAC7C92004BB756 /* Debug */,
				FE8533921EAC7C92004BB756 /* Release */,
			);
			defaultConfigurationIsVisible = 0;
			defaultConfigurationName = Release;
		};
		FE8533931EAC7C92004BB756 /* Build configuration list for PBXNativeTarget "NativePopup" */ = {
			isa = XCConfigurationList;
			buildConfigurations = (
				FE8533941EAC7C92004BB756 /* Debug */,
				FE8533951EAC7C92004BB756 /* Release */,
			);
			defaultConfigurationIsVisible = 0;
			defaultConfigurationName = Release;
		};
		FECA87D11EAC7CCF00D07CB1 /* Build configuration list for PBXNativeTarget "Example" */ = {
			isa = XCConfigurationList;
			buildConfigurations = (
				FECA87D21EAC7CCF00D07CB1 /* Debug */,
				FECA87D31EAC7CCF00D07CB1 /* Release */,
			);
			defaultConfigurationIsVisible = 0;
			defaultConfigurationName = Release;
		};
/* End XCConfigurationList section */
	};
	rootObject = FE8533821EAC7C92004BB756 /* Project object */;
}
